
Microsoft Visual Studio Solution File, Format Version 12.00
# Visual Studio Version 17
VisualStudioVersion = 17.0.31903.59
MinimumVisualStudioVersion = 10.0.40219.1
Project("{FAE04EC0-301F-11D3-BF4B-00C04F79EFBC}") = "MicroClaw", "MicroClaw\MicroClaw.csproj", "{2319C4F9-A7D7-4B82-A02D-5D4AE8A433FC}"
EndProject
Project("{FAE04EC0-301F-11D3-BF4B-00C04F79EFBC}") = "MicroClaw.Gateway.Contracts", "MicroClaw.Gateway.Contracts\MicroClaw.Gateway.Contracts.csproj", "{739AEDD4-26D2-43EF-B130-61EF86C8E43F}"
EndProject
Project("{FAE04EC0-301F-11D3-BF4B-00C04F79EFBC}") = "MicroClaw.Providers", "MicroClaw.Providers\MicroClaw.Providers.csproj", "{C1E2F3A4-B5D6-4E7F-8A9B-0C1D2E3F4A5B}"
EndProject
Project("{FAE04EC0-301F-11D3-BF4B-00C04F79EFBC}") = "MicroClaw.Channels", "MicroClaw.Channels\MicroClaw.Channels.csproj", "{A1B2C3D4-E5F6-4A7B-8C9D-0E1F2A3B4C5D}"
EndProject
Project("{FAE04EC0-301F-11D3-BF4B-00C04F79EFBC}") = "MicroClaw.Infrastructure", "MicroClaw.Infrastructure\MicroClaw.Infrastructure.csproj", "{2413741D-CBA1-4A55-B977-65AD2CDA36EA}"
EndProject
Project("{FAE04EC0-301F-11D3-BF4B-00C04F79EFBC}") = "MicroClaw.Tests", "MicroClaw.Tests\MicroClaw.Tests.csproj", "{C16F229B-891F-4B1B-A1DA-9746080682A7}"
EndProject
Project("{FAE04EC0-301F-11D3-BF4B-00C04F79EFBC}") = "MicroClaw.Agent", "MicroClaw.Agent\MicroClaw.Agent.csproj", "{0BEA46B7-E694-48B3-B3EF-8DA867490F07}"
EndProject
Project("{FAE04EC0-301F-11D3-BF4B-00C04F79EFBC}") = "MicroClaw.Tools", "MicroClaw.Tools\MicroClaw.Tools.csproj", "{D1E2F3A4-B5C6-4D7E-8F9A-0B1C2D3E4F5A}"
EndProject
Project("{FAE04EC0-301F-11D3-BF4B-00C04F79EFBC}") = "MicroClaw.Skills", "MicroClaw.Skills\MicroClaw.Skills.csproj", "{E2F3A4B5-C6D7-4E8F-9A0B-2C3D4E5F6A7B}"
EndProject
Project("{FAE04EC0-301F-11D3-BF4B-00C04F79EFBC}") = "MicroClaw.Configuration", "MicroClaw.Configuration\MicroClaw.Configuration.csproj", "{9E8FC508-4AB6-4BEC-B537-E1F14180C2FC}"
EndProject
Project("{FAE04EC0-301F-11D3-BF4B-00C04F79EFBC}") = "MicroClaw.RAG", "MicroClaw.RAG\MicroClaw.RAG.csproj", "{F65F6CBE-D49B-4D21-9AD0-126F016C9564}"
EndProject
Project("{FAE04EC0-301F-11D3-BF4B-00C04F79EFBC}") = "MicroClaw.Emotion", "MicroClaw.Emotion\MicroClaw.Emotion.csproj", "{3F8C28A6-8A75-4C7D-A39E-072BAA12D95D}"
EndProject
Global
	GlobalSection(SolutionConfigurationPlatforms) = preSolution
		Debug|Any CPU = Debug|Any CPU
		Debug|x64 = Debug|x64
		Debug|x86 = Debug|x86
		Release|Any CPU = Release|Any CPU
		Release|x64 = Release|x64
		Release|x86 = Release|x86
	EndGlobalSection
	GlobalSection(ProjectConfigurationPlatforms) = postSolution
		{2319C4F9-A7D7-4B82-A02D-5D4AE8A433FC}.Debug|Any CPU.ActiveCfg = Debug|Any CPU
		{2319C4F9-A7D7-4B82-A02D-5D4AE8A433FC}.Debug|Any CPU.Build.0 = Debug|Any CPU
		{2319C4F9-A7D7-4B82-A02D-5D4AE8A433FC}.Debug|x64.ActiveCfg = Debug|Any CPU
		{2319C4F9-A7D7-4B82-A02D-5D4AE8A433FC}.Debug|x64.Build.0 = Debug|Any CPU
		{2319C4F9-A7D7-4B82-A02D-5D4AE8A433FC}.Debug|x86.ActiveCfg = Debug|Any CPU
		{2319C4F9-A7D7-4B82-A02D-5D4AE8A433FC}.Debug|x86.Build.0 = Debug|Any CPU
		{2319C4F9-A7D7-4B82-A02D-5D4AE8A433FC}.Release|Any CPU.ActiveCfg = Release|Any CPU
		{2319C4F9-A7D7-4B82-A02D-5D4AE8A433FC}.Release|Any CPU.Build.0 = Release|Any CPU
		{2319C4F9-A7D7-4B82-A02D-5D4AE8A433FC}.Release|x64.ActiveCfg = Release|Any CPU
		{2319C4F9-A7D7-4B82-A02D-5D4AE8A433FC}.Release|x64.Build.0 = Release|Any CPU
		{2319C4F9-A7D7-4B82-A02D-5D4AE8A433FC}.Release|x86.ActiveCfg = Release|Any CPU
		{2319C4F9-A7D7-4B82-A02D-5D4AE8A433FC}.Release|x86.Build.0 = Release|Any CPU
		{739AEDD4-26D2-43EF-B130-61EF86C8E43F}.Debug|Any CPU.ActiveCfg = Debug|Any CPU
		{739AEDD4-26D2-43EF-B130-61EF86C8E43F}.Debug|Any CPU.Build.0 = Debug|Any CPU
		{739AEDD4-26D2-43EF-B130-61EF86C8E43F}.Debug|x64.ActiveCfg = Debug|Any CPU
		{739AEDD4-26D2-43EF-B130-61EF86C8E43F}.Debug|x64.Build.0 = Debug|Any CPU
		{739AEDD4-26D2-43EF-B130-61EF86C8E43F}.Debug|x86.ActiveCfg = Debug|Any CPU
		{739AEDD4-26D2-43EF-B130-61EF86C8E43F}.Debug|x86.Build.0 = Debug|Any CPU
		{739AEDD4-26D2-43EF-B130-61EF86C8E43F}.Release|Any CPU.ActiveCfg = Release|Any CPU
		{739AEDD4-26D2-43EF-B130-61EF86C8E43F}.Release|Any CPU.Build.0 = Release|Any CPU
		{739AEDD4-26D2-43EF-B130-61EF86C8E43F}.Release|x64.ActiveCfg = Release|Any CPU
		{739AEDD4-26D2-43EF-B130-61EF86C8E43F}.Release|x64.Build.0 = Release|Any CPU
		{739AEDD4-26D2-43EF-B130-61EF86C8E43F}.Release|x86.ActiveCfg = Release|Any CPU
		{739AEDD4-26D2-43EF-B130-61EF86C8E43F}.Release|x86.Build.0 = Release|Any CPU
		{C1E2F3A4-B5D6-4E7F-8A9B-0C1D2E3F4A5B}.Debug|Any CPU.ActiveCfg = Debug|Any CPU
		{C1E2F3A4-B5D6-4E7F-8A9B-0C1D2E3F4A5B}.Debug|Any CPU.Build.0 = Debug|Any CPU
		{C1E2F3A4-B5D6-4E7F-8A9B-0C1D2E3F4A5B}.Debug|x64.ActiveCfg = Debug|Any CPU
		{C1E2F3A4-B5D6-4E7F-8A9B-0C1D2E3F4A5B}.Debug|x64.Build.0 = Debug|Any CPU
		{C1E2F3A4-B5D6-4E7F-8A9B-0C1D2E3F4A5B}.Debug|x86.ActiveCfg = Debug|Any CPU
		{C1E2F3A4-B5D6-4E7F-8A9B-0C1D2E3F4A5B}.Debug|x86.Build.0 = Debug|Any CPU
		{C1E2F3A4-B5D6-4E7F-8A9B-0C1D2E3F4A5B}.Release|Any CPU.ActiveCfg = Release|Any CPU
		{C1E2F3A4-B5D6-4E7F-8A9B-0C1D2E3F4A5B}.Release|Any CPU.Build.0 = Release|Any CPU
		{C1E2F3A4-B5D6-4E7F-8A9B-0C1D2E3F4A5B}.Release|x64.ActiveCfg = Release|Any CPU
		{C1E2F3A4-B5D6-4E7F-8A9B-0C1D2E3F4A5B}.Release|x64.Build.0 = Release|Any CPU
		{C1E2F3A4-B5D6-4E7F-8A9B-0C1D2E3F4A5B}.Release|x86.ActiveCfg = Release|Any CPU
		{C1E2F3A4-B5D6-4E7F-8A9B-0C1D2E3F4A5B}.Release|x86.Build.0 = Release|Any CPU
		{A1B2C3D4-E5F6-4A7B-8C9D-0E1F2A3B4C5D}.Debug|Any CPU.ActiveCfg = Debug|Any CPU
		{A1B2C3D4-E5F6-4A7B-8C9D-0E1F2A3B4C5D}.Debug|Any CPU.Build.0 = Debug|Any CPU
		{A1B2C3D4-E5F6-4A7B-8C9D-0E1F2A3B4C5D}.Debug|x64.ActiveCfg = Debug|Any CPU
		{A1B2C3D4-E5F6-4A7B-8C9D-0E1F2A3B4C5D}.Debug|x64.Build.0 = Debug|Any CPU
		{A1B2C3D4-E5F6-4A7B-8C9D-0E1F2A3B4C5D}.Debug|x86.ActiveCfg = Debug|Any CPU
		{A1B2C3D4-E5F6-4A7B-8C9D-0E1F2A3B4C5D}.Debug|x86.Build.0 = Debug|Any CPU
		{A1B2C3D4-E5F6-4A7B-8C9D-0E1F2A3B4C5D}.Release|Any CPU.ActiveCfg = Release|Any CPU
		{A1B2C3D4-E5F6-4A7B-8C9D-0E1F2A3B4C5D}.Release|Any CPU.Build.0 = Release|Any CPU
		{A1B2C3D4-E5F6-4A7B-8C9D-0E1F2A3B4C5D}.Release|x64.ActiveCfg = Release|Any CPU
		{A1B2C3D4-E5F6-4A7B-8C9D-0E1F2A3B4C5D}.Release|x64.Build.0 = Release|Any CPU
		{A1B2C3D4-E5F6-4A7B-8C9D-0E1F2A3B4C5D}.Release|x86.ActiveCfg = Release|Any CPU
		{A1B2C3D4-E5F6-4A7B-8C9D-0E1F2A3B4C5D}.Release|x86.Build.0 = Release|Any CPU
		{2413741D-CBA1-4A55-B977-65AD2CDA36EA}.Debug|Any CPU.ActiveCfg = Debug|Any CPU
		{2413741D-CBA1-4A55-B977-65AD2CDA36EA}.Debug|Any CPU.Build.0 = Debug|Any CPU
		{2413741D-CBA1-4A55-B977-65AD2CDA36EA}.Debug|x64.ActiveCfg = Debug|Any CPU
		{2413741D-CBA1-4A55-B977-65AD2CDA36EA}.Debug|x64.Build.0 = Debug|Any CPU
		{2413741D-CBA1-4A55-B977-65AD2CDA36EA}.Debug|x86.ActiveCfg = Debug|Any CPU
		{2413741D-CBA1-4A55-B977-65AD2CDA36EA}.Debug|x86.Build.0 = Debug|Any CPU
		{2413741D-CBA1-4A55-B977-65AD2CDA36EA}.Release|Any CPU.ActiveCfg = Release|Any CPU
		{2413741D-CBA1-4A55-B977-65AD2CDA36EA}.Release|Any CPU.Build.0 = Release|Any CPU
		{2413741D-CBA1-4A55-B977-65AD2CDA36EA}.Release|x64.ActiveCfg = Release|Any CPU
		{2413741D-CBA1-4A55-B977-65AD2CDA36EA}.Release|x64.Build.0 = Release|Any CPU
		{2413741D-CBA1-4A55-B977-65AD2CDA36EA}.Release|x86.ActiveCfg = Release|Any CPU
		{2413741D-CBA1-4A55-B977-65AD2CDA36EA}.Release|x86.Build.0 = Release|Any CPU
		{C16F229B-891F-4B1B-A1DA-9746080682A7}.Debug|Any CPU.ActiveCfg = Debug|Any CPU
		{C16F229B-891F-4B1B-A1DA-9746080682A7}.Debug|Any CPU.Build.0 = Debug|Any CPU
		{C16F229B-891F-4B1B-A1DA-9746080682A7}.Debug|x64.ActiveCfg = Debug|Any CPU
		{C16F229B-891F-4B1B-A1DA-9746080682A7}.Debug|x64.Build.0 = Debug|Any CPU
		{C16F229B-891F-4B1B-A1DA-9746080682A7}.Debug|x86.ActiveCfg = Debug|Any CPU
		{C16F229B-891F-4B1B-A1DA-9746080682A7}.Debug|x86.Build.0 = Debug|Any CPU
		{C16F229B-891F-4B1B-A1DA-9746080682A7}.Release|Any CPU.ActiveCfg = Release|Any CPU
		{C16F229B-891F-4B1B-A1DA-9746080682A7}.Release|Any CPU.Build.0 = Release|Any CPU
		{C16F229B-891F-4B1B-A1DA-9746080682A7}.Release|x64.ActiveCfg = Release|Any CPU
		{C16F229B-891F-4B1B-A1DA-9746080682A7}.Release|x64.Build.0 = Release|Any CPU
		{C16F229B-891F-4B1B-A1DA-9746080682A7}.Release|x86.ActiveCfg = Release|Any CPU
		{C16F229B-891F-4B1B-A1DA-9746080682A7}.Release|x86.Build.0 = Release|Any CPU
		{0BEA46B7-E694-48B3-B3EF-8DA867490F07}.Debug|Any CPU.ActiveCfg = Debug|Any CPU
		{0BEA46B7-E694-48B3-B3EF-8DA867490F07}.Debug|Any CPU.Build.0 = Debug|Any CPU
		{0BEA46B7-E694-48B3-B3EF-8DA867490F07}.Debug|x64.ActiveCfg = Debug|Any CPU
		{0BEA46B7-E694-48B3-B3EF-8DA867490F07}.Debug|x64.Build.0 = Debug|Any CPU
		{0BEA46B7-E694-48B3-B3EF-8DA867490F07}.Debug|x86.ActiveCfg = Debug|Any CPU
		{0BEA46B7-E694-48B3-B3EF-8DA867490F07}.Debug|x86.Build.0 = Debug|Any CPU
		{0BEA46B7-E694-48B3-B3EF-8DA867490F07}.Release|Any CPU.ActiveCfg = Release|Any CPU
		{0BEA46B7-E694-48B3-B3EF-8DA867490F07}.Release|Any CPU.Build.0 = Release|Any CPU
		{0BEA46B7-E694-48B3-B3EF-8DA867490F07}.Release|x64.ActiveCfg = Release|Any CPU
		{0BEA46B7-E694-48B3-B3EF-8DA867490F07}.Release|x64.Build.0 = Release|Any CPU
		{0BEA46B7-E694-48B3-B3EF-8DA867490F07}.Release|x86.ActiveCfg = Release|Any CPU
		{0BEA46B7-E694-48B3-B3EF-8DA867490F07}.Release|x86.Build.0 = Release|Any CPU
		{D1E2F3A4-B5C6-4D7E-8F9A-0B1C2D3E4F5A}.Debug|Any CPU.ActiveCfg = Debug|Any CPU
		{D1E2F3A4-B5C6-4D7E-8F9A-0B1C2D3E4F5A}.Debug|Any CPU.Build.0 = Debug|Any CPU
		{D1E2F3A4-B5C6-4D7E-8F9A-0B1C2D3E4F5A}.Debug|x64.ActiveCfg = Debug|Any CPU
		{D1E2F3A4-B5C6-4D7E-8F9A-0B1C2D3E4F5A}.Debug|x64.Build.0 = Debug|Any CPU
		{D1E2F3A4-B5C6-4D7E-8F9A-0B1C2D3E4F5A}.Debug|x86.ActiveCfg = Debug|Any CPU
		{D1E2F3A4-B5C6-4D7E-8F9A-0B1C2D3E4F5A}.Debug|x86.Build.0 = Debug|Any CPU
		{D1E2F3A4-B5C6-4D7E-8F9A-0B1C2D3E4F5A}.Release|Any CPU.ActiveCfg = Release|Any CPU
		{D1E2F3A4-B5C6-4D7E-8F9A-0B1C2D3E4F5A}.Release|Any CPU.Build.0 = Release|Any CPU
		{D1E2F3A4-B5C6-4D7E-8F9A-0B1C2D3E4F5A}.Release|x64.ActiveCfg = Release|Any CPU
		{D1E2F3A4-B5C6-4D7E-8F9A-0B1C2D3E4F5A}.Release|x64.Build.0 = Release|Any CPU
		{D1E2F3A4-B5C6-4D7E-8F9A-0B1C2D3E4F5A}.Release|x86.ActiveCfg = Release|Any CPU
		{D1E2F3A4-B5C6-4D7E-8F9A-0B1C2D3E4F5A}.Release|x86.Build.0 = Release|Any CPU
		{E2F3A4B5-C6D7-4E8F-9A0B-2C3D4E5F6A7B}.Debug|Any CPU.ActiveCfg = Debug|Any CPU
		{E2F3A4B5-C6D7-4E8F-9A0B-2C3D4E5F6A7B}.Debug|Any CPU.Build.0 = Debug|Any CPU
		{E2F3A4B5-C6D7-4E8F-9A0B-2C3D4E5F6A7B}.Debug|x64.ActiveCfg = Debug|Any CPU
		{E2F3A4B5-C6D7-4E8F-9A0B-2C3D4E5F6A7B}.Debug|x64.Build.0 = Debug|Any CPU
		{E2F3A4B5-C6D7-4E8F-9A0B-2C3D4E5F6A7B}.Debug|x86.ActiveCfg = Debug|Any CPU
		{E2F3A4B5-C6D7-4E8F-9A0B-2C3D4E5F6A7B}.Debug|x86.Build.0 = Debug|Any CPU
		{E2F3A4B5-C6D7-4E8F-9A0B-2C3D4E5F6A7B}.Release|Any CPU.ActiveCfg = Release|Any CPU
		{E2F3A4B5-C6D7-4E8F-9A0B-2C3D4E5F6A7B}.Release|Any CPU.Build.0 = Release|Any CPU
		{E2F3A4B5-C6D7-4E8F-9A0B-2C3D4E5F6A7B}.Release|x64.ActiveCfg = Release|Any CPU
		{E2F3A4B5-C6D7-4E8F-9A0B-2C3D4E5F6A7B}.Release|x64.Build.0 = Release|Any CPU
		{E2F3A4B5-C6D7-4E8F-9A0B-2C3D4E5F6A7B}.Release|x86.ActiveCfg = Release|Any CPU
		{E2F3A4B5-C6D7-4E8F-9A0B-2C3D4E5F6A7B}.Release|x86.Build.0 = Release|Any CPU
		{9E8FC508-4AB6-4BEC-B537-E1F14180C2FC}.Debug|Any CPU.ActiveCfg = Debug|Any CPU
		{9E8FC508-4AB6-4BEC-B537-E1F14180C2FC}.Debug|Any CPU.Build.0 = Debug|Any CPU
		{9E8FC508-4AB6-4BEC-B537-E1F14180C2FC}.Debug|x64.ActiveCfg = Debug|Any CPU
		{9E8FC508-4AB6-4BEC-B537-E1F14180C2FC}.Debug|x64.Build.0 = Debug|Any CPU
		{9E8FC508-4AB6-4BEC-B537-E1F14180C2FC}.Debug|x86.ActiveCfg = Debug|Any CPU
		{9E8FC508-4AB6-4BEC-B537-E1F14180C2FC}.Debug|x86.Build.0 = Debug|Any CPU
		{9E8FC508-4AB6-4BEC-B537-E1F14180C2FC}.Release|Any CPU.ActiveCfg = Release|Any CPU
		{9E8FC508-4AB6-4BEC-B537-E1F14180C2FC}.Release|Any CPU.Build.0 = Release|Any CPU
		{9E8FC508-4AB6-4BEC-B537-E1F14180C2FC}.Release|x64.ActiveCfg = Release|Any CPU
		{9E8FC508-4AB6-4BEC-B537-E1F14180C2FC}.Release|x64.Build.0 = Release|Any CPU
		{9E8FC508-4AB6-4BEC-B537-E1F14180C2FC}.Release|x86.ActiveCfg = Release|Any CPU
		{9E8FC508-4AB6-4BEC-B537-E1F14180C2FC}.Release|x86.Build.0 = Release|Any CPU
		{F65F6CBE-D49B-4D21-9AD0-126F016C9564}.Debug|Any CPU.ActiveCfg = Debug|Any CPU
		{F65F6CBE-D49B-4D21-9AD0-126F016C9564}.Debug|Any CPU.Build.0 = Debug|Any CPU
		{F65F6CBE-D49B-4D21-9AD0-126F016C9564}.Debug|x64.ActiveCfg = Debug|Any CPU
		{F65F6CBE-D49B-4D21-9AD0-126F016C9564}.Debug|x64.Build.0 = Debug|Any CPU
		{F65F6CBE-D49B-4D21-9AD0-126F016C9564}.Debug|x86.ActiveCfg = Debug|Any CPU
		{F65F6CBE-D49B-4D21-9AD0-126F016C9564}.Debug|x86.Build.0 = Debug|Any CPU
		{F65F6CBE-D49B-4D21-9AD0-126F016C9564}.Release|Any CPU.ActiveCfg = Release|Any CPU
		{F65F6CBE-D49B-4D21-9AD0-126F016C9564}.Release|Any CPU.Build.0 = Release|Any CPU
		{F65F6CBE-D49B-4D21-9AD0-126F016C9564}.Release|x64.ActiveCfg = Release|Any CPU
		{F65F6CBE-D49B-4D21-9AD0-126F016C9564}.Release|x64.Build.0 = Release|Any CPU
		{F65F6CBE-D49B-4D21-9AD0-126F016C9564}.Release|x86.ActiveCfg = Release|Any CPU
		{F65F6CBE-D49B-4D21-9AD0-126F016C9564}.Release|x86.Build.0 = Release|Any CPU
		{3F8C28A6-8A75-4C7D-A39E-072BAA12D95D}.Debug|Any CPU.ActiveCfg = Debug|Any CPU
		{3F8C28A6-8A75-4C7D-A39E-072BAA12D95D}.Debug|Any CPU.Build.0 = Debug|Any CPU
		{3F8C28A6-8A75-4C7D-A39E-072BAA12D95D}.Debug|x64.ActiveCfg = Debug|Any CPU
		{3F8C28A6-8A75-4C7D-A39E-072BAA12D95D}.Debug|x64.Build.0 = Debug|Any CPU
		{3F8C28A6-8A75-4C7D-A39E-072BAA12D95D}.Debug|x86.ActiveCfg = Debug|Any CPU
		{3F8C28A6-8A75-4C7D-A39E-072BAA12D95D}.Debug|x86.Build.0 = Debug|Any CPU
		{3F8C28A6-8A75-4C7D-A39E-072BAA12D95D}.Release|Any CPU.ActiveCfg = Release|Any CPU
		{3F8C28A6-8A75-4C7D-A39E-072BAA12D95D}.Release|Any CPU.Build.0 = Release|Any CPU
		{3F8C28A6-8A75-4C7D-A39E-072BAA12D95D}.Release|x64.ActiveCfg = Release|Any CPU
		{3F8C28A6-8A75-4C7D-A39E-072BAA12D95D}.Release|x64.Build.0 = Release|Any CPU
		{3F8C28A6-8A75-4C7D-A39E-072BAA12D95D}.Release|x86.ActiveCfg = Release|Any CPU
		{3F8C28A6-8A75-4C7D-A39E-072BAA12D95D}.Release|x86.Build.0 = Release|Any CPU
	EndGlobalSection
	GlobalSection(SolutionProperties) = preSolution
		HideSolutionNode = FALSE
	EndGlobalSection
EndGlobal
